
Microsoft Visual Studio Solution File, Format Version 12.00
# Visual Studio Version 17
VisualStudioVersion = 17.11.35303.130
MinimumVisualStudioVersion = 10.0.40219.1
Project("{2150E333-8FDC-42A3-9474-1A3956D46DE8}") = "Task0", "Task0", "{D7720029-76A3-428C-A564-1E8250129BFC}"
EndProject
Project("{9A19103F-16F7-4668-BE54-9A1E7A4F7556}") = "Tyuiu.NovikovAA.Sprint6.Task0.V9.Lib", "Tyuiu.NovikovAA.Sprint6.Task0.V9.Lib\Tyuiu.NovikovAA.Sprint6.Task0.V9.Lib.csproj", "{0D19D113-1A36-40E5-8227-A4414BFF4AC7}"
EndProject
Project("{9A19103F-16F7-4668-BE54-9A1E7A4F7556}") = "Tyuiu.NovikovAA.Sprint6.Task0.V9.Test", "Tyuiu.NovikovAA.Sprint6.Task0.V9.Test\Tyuiu.NovikovAA.Sprint6.Task0.V9.Test.csproj", "{A6737164-09F3-4DDE-ADEE-53E585821155}"
EndProject
Project("{9A19103F-16F7-4668-BE54-9A1E7A4F7556}") = "Tyuiu.NovikovAA.Sprint6.Task0.V9", "Tyuiu.NovikovAA.Sprint6.Task0.V9\Tyuiu.NovikovAA.Sprint6.Task0.V9.csproj", "{A20CC85C-8334-419D-ABAB-7AE69BABD2BF}"
EndProject
Project("{2150E333-8FDC-42A3-9474-1A3956D46DE8}") = "Task1", "Task1", "{BFEA20A4-F6B0-461D-9A58-576F5006B5D5}"
EndProject
Project("{FAE04EC0-301F-11D3-BF4B-00C04F79EFBC}") = "Tyuiu.NovikovAA.Sprint6.Task1.V12.Lib", "Tyuiu.NovikovAA.Sprint6.Task1.V12.Lib\Tyuiu.NovikovAA.Sprint6.Task1.V12.Lib.csproj", "{FDECABE6-698A-4F2A-B589-79A5739D55EF}"
EndProject
Project("{FAE04EC0-301F-11D3-BF4B-00C04F79EFBC}") = "Tyuiu.NovikovAA.Sprint6.Task1.V12.Test", "Tyuiu.NovikovAA.Sprint6.Task1.V12.Test\Tyuiu.NovikovAA.Sprint6.Task1.V12.Test.csproj", "{1044BF8C-9150-4C00-8D39-C8B7AFBDE64F}"
EndProject
Project("{FAE04EC0-301F-11D3-BF4B-00C04F79EFBC}") = "Tyuiu.NovikovAA.Sprint6.Task1.V12", "Tyuiu.NovikovAA.Sprint6.Task1.V12\Tyuiu.NovikovAA.Sprint6.Task1.V12.csproj", "{999F1089-2C96-49A2-A6BA-40EFE03DC532}"
EndProject
Global
	GlobalSection(SolutionConfigurationPlatforms) = preSolution
		Debug|Any CPU = Debug|Any CPU
		Release|Any CPU = Release|Any CPU
	EndGlobalSection
	GlobalSection(ProjectConfigurationPlatforms) = postSolution
		{0D19D113-1A36-40E5-8227-A4414BFF4AC7}.Debug|Any CPU.ActiveCfg = Debug|Any CPU
		{0D19D113-1A36-40E5-8227-A4414BFF4AC7}.Debug|Any CPU.Build.0 = Debug|Any CPU
		{0D19D113-1A36-40E5-8227-A4414BFF4AC7}.Release|Any CPU.ActiveCfg = Release|Any CPU
		{0D19D113-1A36-40E5-8227-A4414BFF4AC7}.Release|Any CPU.Build.0 = Release|Any CPU
		{A6737164-09F3-4DDE-ADEE-53E585821155}.Debug|Any CPU.ActiveCfg = Debug|Any CPU
		{A6737164-09F3-4DDE-ADEE-53E585821155}.Debug|Any CPU.Build.0 = Debug|Any CPU
		{A6737164-09F3-4DDE-ADEE-53E585821155}.Release|Any CPU.ActiveCfg = Release|Any CPU
		{A6737164-09F3-4DDE-ADEE-53E585821155}.Release|Any CPU.Build.0 = Release|Any CPU
		{A20CC85C-8334-419D-ABAB-7AE69BABD2BF}.Debug|Any CPU.ActiveCfg = Debug|Any CPU
		{A20CC85C-8334-419D-ABAB-7AE69BABD2BF}.Debug|Any CPU.Build.0 = Debug|Any CPU
		{A20CC85C-8334-419D-ABAB-7AE69BABD2BF}.Release|Any CPU.ActiveCfg = Release|Any CPU
		{A20CC85C-8334-419D-ABAB-7AE69BABD2BF}.Release|Any CPU.Build.0 = Release|Any CPU
		{FDECABE6-698A-4F2A-B589-79A5739D55EF}.Debug|Any CPU.ActiveCfg = Debug|Any CPU
		{FDECABE6-698A-4F2A-B589-79A5739D55EF}.Debug|Any CPU.Build.0 = Debug|Any CPU
		{FDECABE6-698A-4F2A-B589-79A5739D55EF}.Release|Any CPU.ActiveCfg = Release|Any CPU
		{FDECABE6-698A-4F2A-B589-79A5739D55EF}.Release|Any CPU.Build.0 = Release|Any CPU
		{1044BF8C-9150-4C00-8D39-C8B7AFBDE64F}.Debug|Any CPU.ActiveCfg = Debug|Any CPU
		{1044BF8C-9150-4C00-8D39-C8B7AFBDE64F}.Debug|Any CPU.Build.0 = Debug|Any CPU
		{1044BF8C-9150-4C00-8D39-C8B7AFBDE64F}.Release|Any CPU.ActiveCfg = Release|Any CPU
		{1044BF8C-9150-4C00-8D39-C8B7AFBDE64F}.Release|Any CPU.Build.0 = Release|Any CPU
		{999F1089-2C96-49A2-A6BA-40EFE03DC532}.Debug|Any CPU.ActiveCfg = Debug|Any CPU
		{999F1089-2C96-49A2-A6BA-40EFE03DC532}.Debug|Any CPU.Build.0 = Debug|Any CPU
		{999F1089-2C96-49A2-A6BA-40EFE03DC532}.Release|Any CPU.ActiveCfg = Release|Any CPU
		{999F1089-2C96-49A2-A6BA-40EFE03DC532}.Release|Any CPU.Build.0 = Release|Any CPU
	EndGlobalSection
	GlobalSection(SolutionProperties) = preSolution
		HideSolutionNode = FALSE
	EndGlobalSection
	GlobalSection(NestedProjects) = preSolution
		{0D19D113-1A36-40E5-8227-A4414BFF4AC7} = {D7720029-76A3-428C-A564-1E8250129BFC}
		{A6737164-09F3-4DDE-ADEE-53E585821155} = {D7720029-76A3-428C-A564-1E8250129BFC}
		{A20CC85C-8334-419D-ABAB-7AE69BABD2BF} = {D7720029-76A3-428C-A564-1E8250129BFC}
		{FDECABE6-698A-4F2A-B589-79A5739D55EF} = {BFEA20A4-F6B0-461D-9A58-576F5006B5D5}
		{1044BF8C-9150-4C00-8D39-C8B7AFBDE64F} = {BFEA20A4-F6B0-461D-9A58-576F5006B5D5}
		{999F1089-2C96-49A2-A6BA-40EFE03DC532} = {BFEA20A4-F6B0-461D-9A58-576F5006B5D5}
	EndGlobalSection
	GlobalSection(ExtensibilityGlobals) = postSolution
		SolutionGuid = {A36E14D4-4CA9-4B7F-9B32-4C634E4169EB}
	EndGlobalSection
EndGlobal
